
Microsoft Visual Studio Solution File, Format Version 12.00
# Visual Studio Version 17
Project("{8BC9CEB8-8B4A-11D0-8D11-00A0C91BC942}") = "ALL_BUILD", "ALL_BUILD.vcxproj", "{7974E2E2-5359-3A11-9B0D-AAD505907AB0}"
	ProjectSection(ProjectDependencies) = postProject
		{917982F2-DAB1-3327-9D14-015CDF1703B5} = {917982F2-DAB1-3327-9D14-015CDF1703B5}
		{5E526723-081A-3685-8ECB-8358D125194E} = {5E526723-081A-3685-8ECB-8358D125194E}
		{5E3315AA-056D-39FD-8898-48667F0966F3} = {5E3315AA-056D-39FD-8898-48667F0966F3}
		{4E597D76-0223-3FEC-9653-70FF6CF92DCF} = {4E597D76-0223-3FEC-9653-70FF6CF92DCF}
	EndProjectSection
EndProject
Project("{8BC9CEB8-8B4A-11D0-8D11-00A0C91BC942}") = "RUN_TESTS", "RUN_TESTS.vcxproj", "{FB45D374-1075-3776-873D-5438E6B68610}"
	ProjectSection(ProjectDependencies) = postProject
	EndProjectSection
EndProject
Project("{8BC9CEB8-8B4A-11D0-8D11-00A0C91BC942}") = "host_app", "examples\host_app.vcxproj", "{917982F2-DAB1-3327-9D14-015CDF1703B5}"
	ProjectSection(ProjectDependencies) = postProject
		{5E526723-081A-3685-8ECB-8358D125194E} = {5E526723-081A-3685-8ECB-8358D125194E}
	EndProjectSection
EndProject
Project("{8BC9CEB8-8B4A-11D0-8D11-00A0C91BC942}") = "hotplugpp", "src\hotplugpp.vcxproj", "{5E526723-081A-3685-8ECB-8358D125194E}"
	ProjectSection(ProjectDependencies) = postProject
	EndProjectSection
EndProject
Project("{8BC9CEB8-8B4A-11D0-8D11-00A0C91BC942}") = "math_plugin", "examples\math_plugin.vcxproj", "{5E3315AA-056D-39FD-8898-48667F0966F3}"
	ProjectSection(ProjectDependencies) = postProject
	EndProjectSection
EndProject
Project("{8BC9CEB8-8B4A-11D0-8D11-00A0C91BC942}") = "sample_plugin", "examples\sample_plugin.vcxproj", "{4E597D76-0223-3FEC-9653-70FF6CF92DCF}"
	ProjectSection(ProjectDependencies) = postProject
	EndProjectSection
EndProject
Global
	GlobalSection(SolutionConfigurationPlatforms) = preSolution
		Debug|x64 = Debug|x64
		Release|x64 = Release|x64
		MinSizeRel|x64 = MinSizeRel|x64
		RelWithDebInfo|x64 = RelWithDebInfo|x64
	EndGlobalSection
	GlobalSection(ProjectConfigurationPlatforms) = postSolution
		{7974E2E2-5359-3A11-9B0D-AAD505907AB0}.Debug|x64.ActiveCfg = Debug|x64
		{7974E2E2-5359-3A11-9B0D-AAD505907AB0}.Release|x64.ActiveCfg = Release|x64
		{7974E2E2-5359-3A11-9B0D-AAD505907AB0}.MinSizeRel|x64.ActiveCfg = MinSizeRel|x64
		{7974E2E2-5359-3A11-9B0D-AAD505907AB0}.RelWithDebInfo|x64.ActiveCfg = RelWithDebInfo|x64
		{FB45D374-1075-3776-873D-5438E6B68610}.Debug|x64.ActiveCfg = Debug|x64
		{FB45D374-1075-3776-873D-5438E6B68610}.Release|x64.ActiveCfg = Release|x64
		{FB45D374-1075-3776-873D-5438E6B68610}.MinSizeRel|x64.ActiveCfg = MinSizeRel|x64
		{FB45D374-1075-3776-873D-5438E6B68610}.RelWithDebInfo|x64.ActiveCfg = RelWithDebInfo|x64
		{917982F2-DAB1-3327-9D14-015CDF1703B5}.Debug|x64.ActiveCfg = Debug|x64
		{917982F2-DAB1-3327-9D14-015CDF1703B5}.Debug|x64.Build.0 = Debug|x64
		{917982F2-DAB1-3327-9D14-015CDF1703B5}.Release|x64.ActiveCfg = Release|x64
		{917982F2-DAB1-3327-9D14-015CDF1703B5}.Release|x64.Build.0 = Release|x64
		{917982F2-DAB1-3327-9D14-015CDF1703B5}.MinSizeRel|x64.ActiveCfg = MinSizeRel|x64
		{917982F2-DAB1-3327-9D14-015CDF1703B5}.MinSizeRel|x64.Build.0 = MinSizeRel|x64
		{917982F2-DAB1-3327-9D14-015CDF1703B5}.RelWithDebInfo|x64.ActiveCfg = RelWithDebInfo|x64
		{917982F2-DAB1-3327-9D14-015CDF1703B5}.RelWithDebInfo|x64.Build.0 = RelWithDebInfo|x64
		{5E526723-081A-3685-8ECB-8358D125194E}.Debug|x64.ActiveCfg = Debug|x64
		{5E526723-081A-3685-8ECB-8358D125194E}.Debug|x64.Build.0 = Debug|x64
		{5E526723-081A-3685-8ECB-8358D125194E}.Release|x64.ActiveCfg = Release|x64
		{5E526723-081A-3685-8ECB-8358D125194E}.Release|x64.Build.0 = Release|x64
		{5E526723-081A-3685-8ECB-8358D125194E}.MinSizeRel|x64.ActiveCfg = MinSizeRel|x64
		{5E526723-081A-3685-8ECB-8358D125194E}.MinSizeRel|x64.Build.0 = MinSizeRel|x64
		{5E526723-081A-3685-8ECB-8358D125194E}.RelWithDebInfo|x64.ActiveCfg = RelWithDebInfo|x64
		{5E526723-081A-3685-8ECB-8358D125194E}.RelWithDebInfo|x64.Build.0 = RelWithDebInfo|x64
		{5E3315AA-056D-39FD-8898-48667F0966F3}.Debug|x64.ActiveCfg = Debug|x64
		{5E3315AA-056D-39FD-8898-48667F0966F3}.Debug|x64.Build.0 = Debug|x64
		{5E3315AA-056D-39FD-8898-48667F0966F3}.Release|x64.ActiveCfg = Release|x64
		{5E3315AA-056D-39FD-8898-48667F0966F3}.Release|x64.Build.0 = Release|x64
		{5E3315AA-056D-39FD-8898-48667F0966F3}.MinSizeRel|x64.ActiveCfg = MinSizeRel|x64
		{5E3315AA-056D-39FD-8898-48667F0966F3}.MinSizeRel|x64.Build.0 = MinSizeRel|x64
		{5E3315AA-056D-39FD-8898-48667F0966F3}.RelWithDebInfo|x64.ActiveCfg = RelWithDebInfo|x64
		{5E3315AA-056D-39FD-8898-48667F0966F3}.RelWithDebInfo|x64.Build.0 = RelWithDebInfo|x64
		{4E597D76-0223-3FEC-9653-70FF6CF92DCF}.Debug|x64.ActiveCfg = Debug|x64
		{4E597D76-0223-3FEC-9653-70FF6CF92DCF}.Debug|x64.Build.0 = Debug|x64
		{4E597D76-0223-3FEC-9653-70FF6CF92DCF}.Release|x64.ActiveCfg = Release|x64
		{4E597D76-0223-3FEC-9653-70FF6CF92DCF}.Release|x64.Build.0 = Release|x64
		{4E597D76-0223-3FEC-9653-70FF6CF92DCF}.MinSizeRel|x64.ActiveCfg = MinSizeRel|x64
		{4E597D76-0223-3FEC-9653-70FF6CF92DCF}.MinSizeRel|x64.Build.0 = MinSizeRel|x64
		{4E597D76-0223-3FEC-9653-70FF6CF92DCF}.RelWithDebInfo|x64.ActiveCfg = RelWithDebInfo|x64
		{4E597D76-0223-3FEC-9653-70FF6CF92DCF}.RelWithDebInfo|x64.Build.0 = RelWithDebInfo|x64
	EndGlobalSection
	GlobalSection(ExtensibilityGlobals) = postSolution
		SolutionGuid = {6515E07E-E0CF-3592-AAA7-1F17CB698F96}
	EndGlobalSection
	GlobalSection(ExtensibilityAddIns) = postSolution
	EndGlobalSection
EndGlobal
