
Microsoft Visual Studio Solution File, Format Version 12.00
# Visual Studio Version 17
Project("{8BC9CEB8-8B4A-11D0-8D11-00A0C91BC942}") = "ALL_BUILD", "ALL_BUILD.vcxproj", "{55366A74-AB9A-31E2-AB54-CE64181B0871}"
	ProjectSection(ProjectDependencies) = postProject
		{635178CF-E977-3700-B6A0-A39D26FA79F5} = {635178CF-E977-3700-B6A0-A39D26FA79F5}
		{CEBB6792-32AA-3BB4-AD23-43ECCE81D260} = {CEBB6792-32AA-3BB4-AD23-43ECCE81D260}
		{A8DF965A-CEE1-30BD-808A-ACB8C4678E20} = {A8DF965A-CEE1-30BD-808A-ACB8C4678E20}
		{D63AEC3E-8808-3353-8780-44BE610E4F40} = {D63AEC3E-8808-3353-8780-44BE610E4F40}
	EndProjectSection
EndProject
Project("{8BC9CEB8-8B4A-11D0-8D11-00A0C91BC942}") = "RUN_TESTS", "RUN_TESTS.vcxproj", "{BC717294-EBDC-3347-8FA8-18FE6D090468}"
	ProjectSection(ProjectDependencies) = postProject
	EndProjectSection
EndProject
Project("{8BC9CEB8-8B4A-11D0-8D11-00A0C91BC942}") = "host_app", "examples\host_app.vcxproj", "{635178CF-E977-3700-B6A0-A39D26FA79F5}"
	ProjectSection(ProjectDependencies) = postProject
		{CEBB6792-32AA-3BB4-AD23-43ECCE81D260} = {CEBB6792-32AA-3BB4-AD23-43ECCE81D260}
	EndProjectSection
EndProject
Project("{8BC9CEB8-8B4A-11D0-8D11-00A0C91BC942}") = "hotplugpp", "src\hotplugpp.vcxproj", "{CEBB6792-32AA-3BB4-AD23-43ECCE81D260}"
	ProjectSection(ProjectDependencies) = postProject
	EndProjectSection
EndProject
Project("{8BC9CEB8-8B4A-11D0-8D11-00A0C91BC942}") = "math_plugin", "examples\math_plugin.vcxproj", "{A8DF965A-CEE1-30BD-808A-ACB8C4678E20}"
	ProjectSection(ProjectDependencies) = postProject
	EndProjectSection
EndProject
Project("{8BC9CEB8-8B4A-11D0-8D11-00A0C91BC942}") = "sample_plugin", "examples\sample_plugin.vcxproj", "{D63AEC3E-8808-3353-8780-44BE610E4F40}"
	ProjectSection(ProjectDependencies) = postProject
	EndProjectSection
EndProject
Global
	GlobalSection(SolutionConfigurationPlatforms) = preSolution
		Debug|x64 = Debug|x64
		Release|x64 = Release|x64
		MinSizeRel|x64 = MinSizeRel|x64
		RelWithDebInfo|x64 = RelWithDebInfo|x64
	EndGlobalSection
	GlobalSection(ProjectConfigurationPlatforms) = postSolution
		{55366A74-AB9A-31E2-AB54-CE64181B0871}.Debug|x64.ActiveCfg = Debug|x64
		{55366A74-AB9A-31E2-AB54-CE64181B0871}.Release|x64.ActiveCfg = Release|x64
		{55366A74-AB9A-31E2-AB54-CE64181B0871}.MinSizeRel|x64.ActiveCfg = MinSizeRel|x64
		{55366A74-AB9A-31E2-AB54-CE64181B0871}.RelWithDebInfo|x64.ActiveCfg = RelWithDebInfo|x64
		{BC717294-EBDC-3347-8FA8-18FE6D090468}.Debug|x64.ActiveCfg = Debug|x64
		{BC717294-EBDC-3347-8FA8-18FE6D090468}.Release|x64.ActiveCfg = Release|x64
		{BC717294-EBDC-3347-8FA8-18FE6D090468}.MinSizeRel|x64.ActiveCfg = MinSizeRel|x64
		{BC717294-EBDC-3347-8FA8-18FE6D090468}.RelWithDebInfo|x64.ActiveCfg = RelWithDebInfo|x64
		{635178CF-E977-3700-B6A0-A39D26FA79F5}.Debug|x64.ActiveCfg = Debug|x64
		{635178CF-E977-3700-B6A0-A39D26FA79F5}.Debug|x64.Build.0 = Debug|x64
		{635178CF-E977-3700-B6A0-A39D26FA79F5}.Release|x64.ActiveCfg = Release|x64
		{635178CF-E977-3700-B6A0-A39D26FA79F5}.Release|x64.Build.0 = Release|x64
		{635178CF-E977-3700-B6A0-A39D26FA79F5}.MinSizeRel|x64.ActiveCfg = MinSizeRel|x64
		{635178CF-E977-3700-B6A0-A39D26FA79F5}.MinSizeRel|x64.Build.0 = MinSizeRel|x64
		{635178CF-E977-3700-B6A0-A39D26FA79F5}.RelWithDebInfo|x64.ActiveCfg = RelWithDebInfo|x64
		{635178CF-E977-3700-B6A0-A39D26FA79F5}.RelWithDebInfo|x64.Build.0 = RelWithDebInfo|x64
		{CEBB6792-32AA-3BB4-AD23-43ECCE81D260}.Debug|x64.ActiveCfg = Debug|x64
		{CEBB6792-32AA-3BB4-AD23-43ECCE81D260}.Debug|x64.Build.0 = Debug|x64
		{CEBB6792-32AA-3BB4-AD23-43ECCE81D260}.Release|x64.ActiveCfg = Release|x64
		{CEBB6792-32AA-3BB4-AD23-43ECCE81D260}.Release|x64.Build.0 = Release|x64
		{CEBB6792-32AA-3BB4-AD23-43ECCE81D260}.MinSizeRel|x64.ActiveCfg = MinSizeRel|x64
		{CEBB6792-32AA-3BB4-AD23-43ECCE81D260}.MinSizeRel|x64.Build.0 = MinSizeRel|x64
		{CEBB6792-32AA-3BB4-AD23-43ECCE81D260}.RelWithDebInfo|x64.ActiveCfg = RelWithDebInfo|x64
		{CEBB6792-32AA-3BB4-AD23-43ECCE81D260}.RelWithDebInfo|x64.Build.0 = RelWithDebInfo|x64
		{A8DF965A-CEE1-30BD-808A-ACB8C4678E20}.Debug|x64.ActiveCfg = Debug|x64
		{A8DF965A-CEE1-30BD-808A-ACB8C4678E20}.Debug|x64.Build.0 = Debug|x64
		{A8DF965A-CEE1-30BD-808A-ACB8C4678E20}.Release|x64.ActiveCfg = Release|x64
		{A8DF965A-CEE1-30BD-808A-ACB8C4678E20}.Release|x64.Build.0 = Release|x64
		{A8DF965A-CEE1-30BD-808A-ACB8C4678E20}.MinSizeRel|x64.ActiveCfg = MinSizeRel|x64
		{A8DF965A-CEE1-30BD-808A-ACB8C4678E20}.MinSizeRel|x64.Build.0 = MinSizeRel|x64
		{A8DF965A-CEE1-30BD-808A-ACB8C4678E20}.RelWithDebInfo|x64.ActiveCfg = RelWithDebInfo|x64
		{A8DF965A-CEE1-30BD-808A-ACB8C4678E20}.RelWithDebInfo|x64.Build.0 = RelWithDebInfo|x64
		{D63AEC3E-8808-3353-8780-44BE610E4F40}.Debug|x64.ActiveCfg = Debug|x64
		{D63AEC3E-8808-3353-8780-44BE610E4F40}.Debug|x64.Build.0 = Debug|x64
		{D63AEC3E-8808-3353-8780-44BE610E4F40}.Release|x64.ActiveCfg = Release|x64
		{D63AEC3E-8808-3353-8780-44BE610E4F40}.Release|x64.Build.0 = Release|x64
		{D63AEC3E-8808-3353-8780-44BE610E4F40}.MinSizeRel|x64.ActiveCfg = MinSizeRel|x64
		{D63AEC3E-8808-3353-8780-44BE610E4F40}.MinSizeRel|x64.Build.0 = MinSizeRel|x64
		{D63AEC3E-8808-3353-8780-44BE610E4F40}.RelWithDebInfo|x64.ActiveCfg = RelWithDebInfo|x64
		{D63AEC3E-8808-3353-8780-44BE610E4F40}.RelWithDebInfo|x64.Build.0 = RelWithDebInfo|x64
	EndGlobalSection
	GlobalSection(ExtensibilityGlobals) = postSolution
		SolutionGuid = {F401E481-2AE5-3C8C-BE4D-DD62A0CC1EE3}
	EndGlobalSection
	GlobalSection(ExtensibilityAddIns) = postSolution
	EndGlobalSection
EndGlobal
