<?xml version="1.0" encoding="utf-8"?>
<Project ToolsVersion="17.0" xmlns="http://schemas.microsoft.com/developer/msbuild/2003">
  <ItemGroup>
    <CustomBuild Include="C:\Users\ficac\Desktop\projects\my\HotPlugPP-implementer-issue-19\build-gui-check\CMakeFiles\78712dfd4683b251d9c9d82333787cb9\RUN_TESTS_force.rule">
      <Filter>CMake Rules</Filter>
    </CustomBuild>
  </ItemGroup>
  <ItemGroup>
    <Filter Include="CMake Rules">
      <UniqueIdentifier>{DD3D2902-6E7A-3D7F-9E8A-E2F706557DF0}</UniqueIdentifier>
    </Filter>
  </ItemGroup>
</Project>
