
Microsoft Visual Studio Solution File, Format Version 12.00
# Visual Studio Version 17
Project("{8BC9CEB8-8B4A-11D0-8D11-00A0C91BC942}") = "ALL_BUILD", "ALL_BUILD.vcxproj", "{2503A35A-2CB2-34DF-9BCA-5122FAACE75E}"
	ProjectSection(ProjectDependencies) = postProject
		{F1693D43-7BCE-3BC0-A7E9-F127FC383F60} = {F1693D43-7BCE-3BC0-A7E9-F127FC383F60}
	EndProjectSection
EndProject
Project("{8BC9CEB8-8B4A-11D0-8D11-00A0C91BC942}") = "RUN_TESTS", "RUN_TESTS.vcxproj", "{F1A47F35-6D92-326F-94C4-9E5287743147}"
	ProjectSection(ProjectDependencies) = postProject
	EndProjectSection
EndProject
Project("{8BC9CEB8-8B4A-11D0-8D11-00A0C91BC942}") = "hotplugpp", "src\hotplugpp.vcxproj", "{F1693D43-7BCE-3BC0-A7E9-F127FC383F60}"
	ProjectSection(ProjectDependencies) = postProject
	EndProjectSection
EndProject
Global
	GlobalSection(SolutionConfigurationPlatforms) = preSolution
		Debug|x64 = Debug|x64
		Release|x64 = Release|x64
		MinSizeRel|x64 = MinSizeRel|x64
		RelWithDebInfo|x64 = RelWithDebInfo|x64
	EndGlobalSection
	GlobalSection(ProjectConfigurationPlatforms) = postSolution
		{2503A35A-2CB2-34DF-9BCA-5122FAACE75E}.Debug|x64.ActiveCfg = Debug|x64
		{2503A35A-2CB2-34DF-9BCA-5122FAACE75E}.Release|x64.ActiveCfg = Release|x64
		{2503A35A-2CB2-34DF-9BCA-5122FAACE75E}.MinSizeRel|x64.ActiveCfg = MinSizeRel|x64
		{2503A35A-2CB2-34DF-9BCA-5122FAACE75E}.RelWithDebInfo|x64.ActiveCfg = RelWithDebInfo|x64
		{F1A47F35-6D92-326F-94C4-9E5287743147}.Debug|x64.ActiveCfg = Debug|x64
		{F1A47F35-6D92-326F-94C4-9E5287743147}.Release|x64.ActiveCfg = Release|x64
		{F1A47F35-6D92-326F-94C4-9E5287743147}.MinSizeRel|x64.ActiveCfg = MinSizeRel|x64
		{F1A47F35-6D92-326F-94C4-9E5287743147}.RelWithDebInfo|x64.ActiveCfg = RelWithDebInfo|x64
		{F1693D43-7BCE-3BC0-A7E9-F127FC383F60}.Debug|x64.ActiveCfg = Debug|x64
		{F1693D43-7BCE-3BC0-A7E9-F127FC383F60}.Debug|x64.Build.0 = Debug|x64
		{F1693D43-7BCE-3BC0-A7E9-F127FC383F60}.Release|x64.ActiveCfg = Release|x64
		{F1693D43-7BCE-3BC0-A7E9-F127FC383F60}.Release|x64.Build.0 = Release|x64
		{F1693D43-7BCE-3BC0-A7E9-F127FC383F60}.MinSizeRel|x64.ActiveCfg = MinSizeRel|x64
		{F1693D43-7BCE-3BC0-A7E9-F127FC383F60}.MinSizeRel|x64.Build.0 = MinSizeRel|x64
		{F1693D43-7BCE-3BC0-A7E9-F127FC383F60}.RelWithDebInfo|x64.ActiveCfg = RelWithDebInfo|x64
		{F1693D43-7BCE-3BC0-A7E9-F127FC383F60}.RelWithDebInfo|x64.Build.0 = RelWithDebInfo|x64
	EndGlobalSection
	GlobalSection(ExtensibilityGlobals) = postSolution
		SolutionGuid = {430D08E7-75BC-3D67-BE6D-0C3A9CCC6C91}
	EndGlobalSection
	GlobalSection(ExtensibilityAddIns) = postSolution
	EndGlobalSection
EndGlobal
