<?xml version="1.0" encoding="utf-8"?>
<Project ToolsVersion="17.0" xmlns="http://schemas.microsoft.com/developer/msbuild/2003">
  <ItemGroup>
    <CustomBuild Include="C:\Users\ficac\Desktop\projects\my\HotPlugPP-implementer-issue-18\build-review-repro\CMakeFiles\3f362e42bda80927311590677dd7a4e7\RUN_TESTS_force.rule">
      <Filter>CMake Rules</Filter>
    </CustomBuild>
  </ItemGroup>
  <ItemGroup>
    <Filter Include="CMake Rules">
      <UniqueIdentifier>{1D655088-9C23-3F1C-8A0E-6DCC18AB94FA}</UniqueIdentifier>
    </Filter>
  </ItemGroup>
</Project>
