
Microsoft Visual Studio Solution File, Format Version 12.00
# Visual Studio Version 17
Project("{8BC9CEB8-8B4A-11D0-8D11-00A0C91BC942}") = "ALL_BUILD", "ALL_BUILD.vcxproj", "{5783CBEC-D664-3805-91DC-6011AABCFCB7}"
	ProjectSection(ProjectDependencies) = postProject
		{08134B04-64E5-3252-9D24-698AE7909EA1} = {08134B04-64E5-3252-9D24-698AE7909EA1}
	EndProjectSection
EndProject
Project("{8BC9CEB8-8B4A-11D0-8D11-00A0C91BC942}") = "RUN_TESTS", "RUN_TESTS.vcxproj", "{6F443FA6-EA00-3888-B647-11B5F918AFDE}"
	ProjectSection(ProjectDependencies) = postProject
	EndProjectSection
EndProject
Project("{8BC9CEB8-8B4A-11D0-8D11-00A0C91BC942}") = "hotplugpp", "src\hotplugpp.vcxproj", "{08134B04-64E5-3252-9D24-698AE7909EA1}"
	ProjectSection(ProjectDependencies) = postProject
	EndProjectSection
EndProject
Global
	GlobalSection(SolutionConfigurationPlatforms) = preSolution
		Debug|x64 = Debug|x64
		Release|x64 = Release|x64
		MinSizeRel|x64 = MinSizeRel|x64
		RelWithDebInfo|x64 = RelWithDebInfo|x64
	EndGlobalSection
	GlobalSection(ProjectConfigurationPlatforms) = postSolution
		{5783CBEC-D664-3805-91DC-6011AABCFCB7}.Debug|x64.ActiveCfg = Debug|x64
		{5783CBEC-D664-3805-91DC-6011AABCFCB7}.Release|x64.ActiveCfg = Release|x64
		{5783CBEC-D664-3805-91DC-6011AABCFCB7}.MinSizeRel|x64.ActiveCfg = MinSizeRel|x64
		{5783CBEC-D664-3805-91DC-6011AABCFCB7}.RelWithDebInfo|x64.ActiveCfg = RelWithDebInfo|x64
		{6F443FA6-EA00-3888-B647-11B5F918AFDE}.Debug|x64.ActiveCfg = Debug|x64
		{6F443FA6-EA00-3888-B647-11B5F918AFDE}.Release|x64.ActiveCfg = Release|x64
		{6F443FA6-EA00-3888-B647-11B5F918AFDE}.MinSizeRel|x64.ActiveCfg = MinSizeRel|x64
		{6F443FA6-EA00-3888-B647-11B5F918AFDE}.RelWithDebInfo|x64.ActiveCfg = RelWithDebInfo|x64
		{08134B04-64E5-3252-9D24-698AE7909EA1}.Debug|x64.ActiveCfg = Debug|x64
		{08134B04-64E5-3252-9D24-698AE7909EA1}.Debug|x64.Build.0 = Debug|x64
		{08134B04-64E5-3252-9D24-698AE7909EA1}.Release|x64.ActiveCfg = Release|x64
		{08134B04-64E5-3252-9D24-698AE7909EA1}.Release|x64.Build.0 = Release|x64
		{08134B04-64E5-3252-9D24-698AE7909EA1}.MinSizeRel|x64.ActiveCfg = MinSizeRel|x64
		{08134B04-64E5-3252-9D24-698AE7909EA1}.MinSizeRel|x64.Build.0 = MinSizeRel|x64
		{08134B04-64E5-3252-9D24-698AE7909EA1}.RelWithDebInfo|x64.ActiveCfg = RelWithDebInfo|x64
		{08134B04-64E5-3252-9D24-698AE7909EA1}.RelWithDebInfo|x64.Build.0 = RelWithDebInfo|x64
	EndGlobalSection
	GlobalSection(ExtensibilityGlobals) = postSolution
		SolutionGuid = {9242083A-1521-372A-A607-88283C4FEC7B}
	EndGlobalSection
	GlobalSection(ExtensibilityAddIns) = postSolution
	EndGlobalSection
EndGlobal
