<?xml version="1.0" encoding="utf-8"?>
<Project ToolsVersion="17.0" xmlns="http://schemas.microsoft.com/developer/msbuild/2003">
  <ItemGroup>
    <CustomBuild Include="C:\Users\ficac\Desktop\projects\my\HotPlugPP-reviewer-issue-18\build-review\CMakeFiles\d56b1436badeae099140d0ae7e9a62f8\RUN_TESTS_force.rule">
      <Filter>CMake Rules</Filter>
    </CustomBuild>
  </ItemGroup>
  <ItemGroup>
    <Filter Include="CMake Rules">
      <UniqueIdentifier>{3D6F94CD-D336-3A41-AE33-B7E5CEA930BB}</UniqueIdentifier>
    </Filter>
  </ItemGroup>
</Project>
