<?xml version="1.0" encoding="utf-8"?>
<Project ToolsVersion="17.0" xmlns="http://schemas.microsoft.com/developer/msbuild/2003">
  <ItemGroup>
    <ClCompile Include="C:\Users\ficac\Desktop\projects\my\HotPlugPP-implementer-issue-18\examples\math_plugin\math_plugin.cpp">
      <Filter>Source Files</Filter>
    </ClCompile>
  </ItemGroup>
  <ItemGroup>
    <Filter Include="Source Files">
      <UniqueIdentifier>{32EA58B8-1042-3134-B379-1B64636B5B2E}</UniqueIdentifier>
    </Filter>
  </ItemGroup>
</Project>
