
Microsoft Visual Studio Solution File, Format Version 12.00
# Visual Studio Version 17
Project("{8BC9CEB8-8B4A-11D0-8D11-00A0C91BC942}") = "ALL_BUILD", "ALL_BUILD.vcxproj", "{1165AAE3-A9D1-338D-8E76-4B52CCAF15EA}"
	ProjectSection(ProjectDependencies) = postProject
		{57FABCCF-9011-32AB-AF9C-69ECCF02808B} = {57FABCCF-9011-32AB-AF9C-69ECCF02808B}
		{5AC07BD0-6E49-37C9-AC05-E0EAE5CBEBC4} = {5AC07BD0-6E49-37C9-AC05-E0EAE5CBEBC4}
		{6F9C7C20-49CB-3384-8E12-37A340C00105} = {6F9C7C20-49CB-3384-8E12-37A340C00105}
		{96C91B76-1663-303C-939A-3B36CB555D55} = {96C91B76-1663-303C-939A-3B36CB555D55}
	EndProjectSection
EndProject
Project("{8BC9CEB8-8B4A-11D0-8D11-00A0C91BC942}") = "RUN_TESTS", "RUN_TESTS.vcxproj", "{D1AA9A10-23A2-364D-93B9-25059E4436C2}"
	ProjectSection(ProjectDependencies) = postProject
	EndProjectSection
EndProject
Project("{8BC9CEB8-8B4A-11D0-8D11-00A0C91BC942}") = "host_app", "examples\host_app.vcxproj", "{57FABCCF-9011-32AB-AF9C-69ECCF02808B}"
	ProjectSection(ProjectDependencies) = postProject
		{5AC07BD0-6E49-37C9-AC05-E0EAE5CBEBC4} = {5AC07BD0-6E49-37C9-AC05-E0EAE5CBEBC4}
	EndProjectSection
EndProject
Project("{8BC9CEB8-8B4A-11D0-8D11-00A0C91BC942}") = "hotplugpp", "src\hotplugpp.vcxproj", "{5AC07BD0-6E49-37C9-AC05-E0EAE5CBEBC4}"
	ProjectSection(ProjectDependencies) = postProject
	EndProjectSection
EndProject
Project("{8BC9CEB8-8B4A-11D0-8D11-00A0C91BC942}") = "math_plugin", "examples\math_plugin.vcxproj", "{6F9C7C20-49CB-3384-8E12-37A340C00105}"
	ProjectSection(ProjectDependencies) = postProject
	EndProjectSection
EndProject
Project("{8BC9CEB8-8B4A-11D0-8D11-00A0C91BC942}") = "sample_plugin", "examples\sample_plugin.vcxproj", "{96C91B76-1663-303C-939A-3B36CB555D55}"
	ProjectSection(ProjectDependencies) = postProject
	EndProjectSection
EndProject
Global
	GlobalSection(SolutionConfigurationPlatforms) = preSolution
		Debug|x64 = Debug|x64
		Release|x64 = Release|x64
		MinSizeRel|x64 = MinSizeRel|x64
		RelWithDebInfo|x64 = RelWithDebInfo|x64
	EndGlobalSection
	GlobalSection(ProjectConfigurationPlatforms) = postSolution
		{1165AAE3-A9D1-338D-8E76-4B52CCAF15EA}.Debug|x64.ActiveCfg = Debug|x64
		{1165AAE3-A9D1-338D-8E76-4B52CCAF15EA}.Release|x64.ActiveCfg = Release|x64
		{1165AAE3-A9D1-338D-8E76-4B52CCAF15EA}.MinSizeRel|x64.ActiveCfg = MinSizeRel|x64
		{1165AAE3-A9D1-338D-8E76-4B52CCAF15EA}.RelWithDebInfo|x64.ActiveCfg = RelWithDebInfo|x64
		{D1AA9A10-23A2-364D-93B9-25059E4436C2}.Debug|x64.ActiveCfg = Debug|x64
		{D1AA9A10-23A2-364D-93B9-25059E4436C2}.Release|x64.ActiveCfg = Release|x64
		{D1AA9A10-23A2-364D-93B9-25059E4436C2}.MinSizeRel|x64.ActiveCfg = MinSizeRel|x64
		{D1AA9A10-23A2-364D-93B9-25059E4436C2}.RelWithDebInfo|x64.ActiveCfg = RelWithDebInfo|x64
		{57FABCCF-9011-32AB-AF9C-69ECCF02808B}.Debug|x64.ActiveCfg = Debug|x64
		{57FABCCF-9011-32AB-AF9C-69ECCF02808B}.Debug|x64.Build.0 = Debug|x64
		{57FABCCF-9011-32AB-AF9C-69ECCF02808B}.Release|x64.ActiveCfg = Release|x64
		{57FABCCF-9011-32AB-AF9C-69ECCF02808B}.Release|x64.Build.0 = Release|x64
		{57FABCCF-9011-32AB-AF9C-69ECCF02808B}.MinSizeRel|x64.ActiveCfg = MinSizeRel|x64
		{57FABCCF-9011-32AB-AF9C-69ECCF02808B}.MinSizeRel|x64.Build.0 = MinSizeRel|x64
		{57FABCCF-9011-32AB-AF9C-69ECCF02808B}.RelWithDebInfo|x64.ActiveCfg = RelWithDebInfo|x64
		{57FABCCF-9011-32AB-AF9C-69ECCF02808B}.RelWithDebInfo|x64.Build.0 = RelWithDebInfo|x64
		{5AC07BD0-6E49-37C9-AC05-E0EAE5CBEBC4}.Debug|x64.ActiveCfg = Debug|x64
		{5AC07BD0-6E49-37C9-AC05-E0EAE5CBEBC4}.Debug|x64.Build.0 = Debug|x64
		{5AC07BD0-6E49-37C9-AC05-E0EAE5CBEBC4}.Release|x64.ActiveCfg = Release|x64
		{5AC07BD0-6E49-37C9-AC05-E0EAE5CBEBC4}.Release|x64.Build.0 = Release|x64
		{5AC07BD0-6E49-37C9-AC05-E0EAE5CBEBC4}.MinSizeRel|x64.ActiveCfg = MinSizeRel|x64
		{5AC07BD0-6E49-37C9-AC05-E0EAE5CBEBC4}.MinSizeRel|x64.Build.0 = MinSizeRel|x64
		{5AC07BD0-6E49-37C9-AC05-E0EAE5CBEBC4}.RelWithDebInfo|x64.ActiveCfg = RelWithDebInfo|x64
		{5AC07BD0-6E49-37C9-AC05-E0EAE5CBEBC4}.RelWithDebInfo|x64.Build.0 = RelWithDebInfo|x64
		{6F9C7C20-49CB-3384-8E12-37A340C00105}.Debug|x64.ActiveCfg = Debug|x64
		{6F9C7C20-49CB-3384-8E12-37A340C00105}.Debug|x64.Build.0 = Debug|x64
		{6F9C7C20-49CB-3384-8E12-37A340C00105}.Release|x64.ActiveCfg = Release|x64
		{6F9C7C20-49CB-3384-8E12-37A340C00105}.Release|x64.Build.0 = Release|x64
		{6F9C7C20-49CB-3384-8E12-37A340C00105}.MinSizeRel|x64.ActiveCfg = MinSizeRel|x64
		{6F9C7C20-49CB-3384-8E12-37A340C00105}.MinSizeRel|x64.Build.0 = MinSizeRel|x64
		{6F9C7C20-49CB-3384-8E12-37A340C00105}.RelWithDebInfo|x64.ActiveCfg = RelWithDebInfo|x64
		{6F9C7C20-49CB-3384-8E12-37A340C00105}.RelWithDebInfo|x64.Build.0 = RelWithDebInfo|x64
		{96C91B76-1663-303C-939A-3B36CB555D55}.Debug|x64.ActiveCfg = Debug|x64
		{96C91B76-1663-303C-939A-3B36CB555D55}.Debug|x64.Build.0 = Debug|x64
		{96C91B76-1663-303C-939A-3B36CB555D55}.Release|x64.ActiveCfg = Release|x64
		{96C91B76-1663-303C-939A-3B36CB555D55}.Release|x64.Build.0 = Release|x64
		{96C91B76-1663-303C-939A-3B36CB555D55}.MinSizeRel|x64.ActiveCfg = MinSizeRel|x64
		{96C91B76-1663-303C-939A-3B36CB555D55}.MinSizeRel|x64.Build.0 = MinSizeRel|x64
		{96C91B76-1663-303C-939A-3B36CB555D55}.RelWithDebInfo|x64.ActiveCfg = RelWithDebInfo|x64
		{96C91B76-1663-303C-939A-3B36CB555D55}.RelWithDebInfo|x64.Build.0 = RelWithDebInfo|x64
	EndGlobalSection
	GlobalSection(ExtensibilityGlobals) = postSolution
		SolutionGuid = {71D696E1-7DB1-32DC-A64F-2D344DCEFE91}
	EndGlobalSection
	GlobalSection(ExtensibilityAddIns) = postSolution
	EndGlobalSection
EndGlobal
