<?xml version="1.0" encoding="utf-8"?>
<Project ToolsVersion="17.0" xmlns="http://schemas.microsoft.com/developer/msbuild/2003">
  <ItemGroup>
    <CustomBuild Include="C:\Users\ficac\Desktop\projects\my\HotPlugPP-planner-issue-19\build-review-gui\CMakeFiles\cdc4d0b6c2ec65e5ad4973e1bc2fe377\RUN_TESTS_force.rule">
      <Filter>CMake Rules</Filter>
    </CustomBuild>
  </ItemGroup>
  <ItemGroup>
    <Filter Include="CMake Rules">
      <UniqueIdentifier>{5F2C0983-5358-3DF5-AB7E-1DB315A7C9DF}</UniqueIdentifier>
    </Filter>
  </ItemGroup>
</Project>
