<?xml version="1.0" encoding="utf-8"?>
<Project ToolsVersion="17.0" xmlns="http://schemas.microsoft.com/developer/msbuild/2003">
  <ItemGroup>
    <ClCompile Include="C:\Users\ficac\Desktop\projects\my\HotPlugPP-implementer-issue-19\src\plugin_loader.cpp">
      <Filter>Source Files</Filter>
    </ClCompile>
  </ItemGroup>
  <ItemGroup>
    <CustomBuild Include="C:\Users\ficac\Desktop\projects\my\HotPlugPP-implementer-issue-19\src\CMakeLists.txt" />
  </ItemGroup>
  <ItemGroup>
    <Filter Include="Source Files">
      <UniqueIdentifier>{09783405-3D91-334A-94E1-A93AFB0B7F2E}</UniqueIdentifier>
    </Filter>
  </ItemGroup>
</Project>
